
Microsoft Visual Studio Solution File, Format Version 12.00
# Visual Studio Version 17
VisualStudioVersion = 17.0.32014.148
MinimumVisualStudioVersion = 10.0.40219.1
Project("{FAE04EC0-301F-11D3-BF4B-00C04F79EFBC}") = "AuthService", "AuthService\AuthService.csproj", "{CEC81BA4-44EE-4B8C-8ED5-E50E10DB4131}"
EndProject
Global
	GlobalSection(SolutionConfigurationPlatforms) = preSolution
		Debug|Any CPU = Debug|Any CPU
		Release|Any CPU = Release|Any CPU
	EndGlobalSection
	GlobalSection(ProjectConfigurationPlatforms) = postSolution
		{CEC81BA4-44EE-4B8C-8ED5-E50E10DB4131}.Debug|Any CPU.ActiveCfg = Debug|Any CPU
		{CEC81BA4-44EE-4B8C-8ED5-E50E10DB4131}.Debug|Any CPU.Build.0 = Debug|Any CPU
		{CEC81BA4-44EE-4B8C-8ED5-E50E10DB4131}.Release|Any CPU.ActiveCfg = Release|Any CPU
		{CEC81BA4-44EE-4B8C-8ED5-E50E10DB4131}.Release|Any CPU.Build.0 = Release|Any CPU
	EndGlobalSection
	GlobalSection(SolutionProperties) = preSolution
		HideSolutionNode = FALSE
	EndGlobalSection
	GlobalSection(ExtensibilityGlobals) = postSolution
		SolutionGuid = {BC2DA239-E5E2-4455-ADAE-E978ADB4EBBD}
	EndGlobalSection
EndGlobal
